
Microsoft Visual Studio Solution File, Format Version 12.00
# Visual Studio 15
VisualStudioVersion = 15.0.28010.2050
MinimumVisualStudioVersion = 10.0.40219.1
Project("{9A19103F-16F7-4668-BE54-9A1E7A4F7556}") = "FinSim.Core", "FinSim.Core\FinSim.Core.csproj", "{9ABE96F1-4C72-4621-9144-F82BA8E48D79}"
EndProject
Project("{9A19103F-16F7-4668-BE54-9A1E7A4F7556}") = "FinSim.Console", "FinSim.Console\FinSim.Console.csproj", "{855C547F-4EA1-454E-B9A4-79AA2D103D53}"
EndProject
Global
	GlobalSection(SolutionConfigurationPlatforms) = preSolution
		Debug|Any CPU = Debug|Any CPU
		Release|Any CPU = Release|Any CPU
	EndGlobalSection
	GlobalSection(ProjectConfigurationPlatforms) = postSolution
		{9ABE96F1-4C72-4621-9144-F82BA8E48D79}.Debug|Any CPU.ActiveCfg = Debug|Any CPU
		{9ABE96F1-4C72-4621-9144-F82BA8E48D79}.Debug|Any CPU.Build.0 = Debug|Any CPU
		{9ABE96F1-4C72-4621-9144-F82BA8E48D79}.Release|Any CPU.ActiveCfg = Release|Any CPU
		{9ABE96F1-4C72-4621-9144-F82BA8E48D79}.Release|Any CPU.Build.0 = Release|Any CPU
		{855C547F-4EA1-454E-B9A4-79AA2D103D53}.Debug|Any CPU.ActiveCfg = Debug|Any CPU
		{855C547F-4EA1-454E-B9A4-79AA2D103D53}.Debug|Any CPU.Build.0 = Debug|Any CPU
		{855C547F-4EA1-454E-B9A4-79AA2D103D53}.Release|Any CPU.ActiveCfg = Release|Any CPU
		{855C547F-4EA1-454E-B9A4-79AA2D103D53}.Release|Any CPU.Build.0 = Release|Any CPU
	EndGlobalSection
	GlobalSection(SolutionProperties) = preSolution
		HideSolutionNode = FALSE
	EndGlobalSection
	GlobalSection(ExtensibilityGlobals) = postSolution
		SolutionGuid = {795D40FC-8825-48EE-BC10-F343F5C89865}
	EndGlobalSection
EndGlobal
